
Microsoft Visual Studio Solution File, Format Version 12.00
# Visual Studio Version 17
VisualStudioVersion = 17.5.002.0
MinimumVisualStudioVersion = 10.0.40219.1
Project("{9A19103F-16F7-4668-BE54-9A1E7A4F7556}") = "KitchenKitApi", "KitchenKitApi.csproj", "{E8DE4629-E36F-433A-8F82-1E83A38C64A5}"
EndProject
Global
	GlobalSection(SolutionConfigurationPlatforms) = preSolution
		Debug|Any CPU = Debug|Any CPU
		Release|Any CPU = Release|Any CPU
	EndGlobalSection
	GlobalSection(ProjectConfigurationPlatforms) = postSolution
		{E8DE4629-E36F-433A-8F82-1E83A38C64A5}.Debug|Any CPU.ActiveCfg = Debug|Any CPU
		{E8DE4629-E36F-433A-8F82-1E83A38C64A5}.Debug|Any CPU.Build.0 = Debug|Any CPU
		{E8DE4629-E36F-433A-8F82-1E83A38C64A5}.Release|Any CPU.ActiveCfg = Release|Any CPU
		{E8DE4629-E36F-433A-8F82-1E83A38C64A5}.Release|Any CPU.Build.0 = Release|Any CPU
	EndGlobalSection
	GlobalSection(SolutionProperties) = preSolution
		HideSolutionNode = FALSE
	EndGlobalSection
	GlobalSection(ExtensibilityGlobals) = postSolution
		SolutionGuid = {D1E00A5E-2339-4BEA-BEFE-C2E4FE6E40F5}
	EndGlobalSection
EndGlobal
